PODS:
  - Alamofire (4.4.0)
  - GSMessages (1.3.4)
  - Moya (8.0.5):
    - Moya/Core (= 8.0.5)
  - Moya/Core (8.0.5):
    - Alamofire (~> 4.1)
    - Result (~> 3.0)
  - PureLayout (3.0.2)
  - Result (3.2.3)
  - SwiftyBeaver (1.2.2)

DEPENDENCIES:
  - Alamofire (~> 4.0)
  - GSMessages
  - Moya (= 8.0.5)
  - PureLayout
  - SwiftyBeaver

SPEC CHECKSUMS:
  Alamofire: dc44b1600b800eb63da6a19039a0083d62a6a62d
  GSMessages: b26e37bb6017b11d61f2708684179d5e9495c063
  Moya: c37eec09a098ba9991b5a963b291fc5704bdb9ef
  PureLayout: 4d550abe49a94f24c2808b9b95db9131685fe4cd
  Result: 128640a6347e8d2ae48b142556739a2d13f90ce6
  SwiftyBeaver: 90a39e3dc5136b7285f2e4c870b107e3933b8b84

PODFILE CHECKSUM: dbb79e618ef53235ac4dcf561fd2a49655e23daa

COCOAPODS: 1.1.1
