PODS:
  - Alamofire (4.4.0)
  - GoogleMaps (2.3.0):
    - GoogleMaps/Maps (= 2.3.0)
  - GoogleMaps/Base (2.3.0)
  - GoogleMaps/Maps (2.3.0):
    - GoogleMaps/Base
  - GSMessages (1.3.4)
  - Moya (8.0.5):
    - Moya/Core (= 8.0.5)
  - Moya/Core (8.0.5):
    - Alamofire (~> 4.1)
    - Result (~> 3.0)
  - PureLayout (3.0.2)
  - Result (3.2.3)
  - SDWebImage (4.0.0):
    - SDWebImage/Core (= 4.0.0)
  - SDWebImage/Core (4.0.0)
  - StatusProvider (1.2.4)
  - SwiftyBeaver (1.2.2)

DEPENDENCIES:
  - Alamofire (~> 4.0)
  - GoogleMaps
  - GSMessages
  - Moya (= 8.0.5)
  - PureLayout
  - SDWebImage
  - StatusProvider
  - SwiftyBeaver

SPEC CHECKSUMS:
  Alamofire: dc44b1600b800eb63da6a19039a0083d62a6a62d
  GoogleMaps: 340a6a0bebd17c2db8abcd3921976c7c53c86cb8
  GSMessages: b26e37bb6017b11d61f2708684179d5e9495c063
  Moya: c37eec09a098ba9991b5a963b291fc5704bdb9ef
  PureLayout: 4d550abe49a94f24c2808b9b95db9131685fe4cd
  Result: 128640a6347e8d2ae48b142556739a2d13f90ce6
  SDWebImage: 76a6348bdc74eb5a55dd08a091ef298e56b55e41
  StatusProvider: ba18d6d93c1d2bafec88dc17d8e2fe07df6cfbe8
  SwiftyBeaver: 90a39e3dc5136b7285f2e4c870b107e3933b8b84

PODFILE CHECKSUM: 0452214ce2e54202251d4c876130902652388417

COCOAPODS: 1.1.1
